{
    "_readme": [
        "This file locks the dependencies of your project to a known state",
        "Read more about it at https://getcomposer.org/doc/01-basic-usage.md#installing-dependencies",
        "This file is @generated automatically"
    ],
    "content-hash": "425fe3f6c248c9a6cf69e5058a97657c",
    "packages": [
        {
            "name": "google/recaptcha",
            "version": "1.3.0",
            "source": {
                "type": "git",
                "url": "https://github.com/google/recaptcha.git",
                "reference": "d59a801e98a4e9174814a6d71bbc268dff1202df"
            },
            "dist": {
                "type": "zip",
                "url": "https://api.github.com/repos/google/recaptcha/zipball/d59a801e98a4e9174814a6d71bbc268dff1202df",
                "reference": "d59a801e98a4e9174814a6d71bbc268dff1202df",
                "shasum": ""
            },
            "require": {
                "php": ">=8"
            },
            "require-dev": {
                "friendsofphp/php-cs-fixer": "^3.14",
                "php-coveralls/php-coveralls": "^2.5",
                "phpunit/phpunit": "^10"
            },
            "type": "library",
            "extra": {
                "branch-alias": {
                    "dev-master": "1.3.x-dev"
                }
            },
            "autoload": {
                "psr-4": {
                    "ReCaptcha\\": "src/ReCaptcha"
                }
            },
            "notification-url": "https://packagist.org/downloads/",
            "license": [
                "BSD-3-Clause"
            ],
            "description": "Client library for reCAPTCHA, a free service that protects websites from spam and abuse.",
            "homepage": "https://www.google.com/recaptcha/",
            "keywords": [
                "Abuse",
                "captcha",
                "recaptcha",
                "spam"
            ],
            "support": {
                "forum": "https://groups.google.com/forum/#!forum/recaptcha",
                "issues": "https://github.com/google/recaptcha/issues",
                "source": "https://github.com/google/recaptcha"
            },
            "time": "2023-02-18T17:41:46+00:00"
        },
        {
            "name": "simplehtmldom/simplehtmldom",
            "version": "2.0-RC2",
            "source": {
                "type": "git",
                "url": "https://github.com/simplehtmldom/simplehtmldom.git",
                "reference": "3c87726400e59d8e1bc4709cfe82353abeb0f4d1"
            },
            "dist": {
                "type": "zip",
                "url": "https://api.github.com/repos/simplehtmldom/simplehtmldom/zipball/3c87726400e59d8e1bc4709cfe82353abeb0f4d1",
                "reference": "3c87726400e59d8e1bc4709cfe82353abeb0f4d1",
                "shasum": ""
            },
            "require": {
                "ext-iconv": "*",
                "php": ">=5.6"
            },
            "require-dev": {
                "phpunit/phpunit": "^6 || ^7"
            },
            "suggest": {
                "ext-curl": "Needed to support cURL downloads in class HtmlWeb",
                "ext-mbstring": "Allows better decoding for multi-byte documents",
                "ext-openssl": "Allows loading HTTPS pages when using cURL"
            },
            "type": "library",
            "autoload": {
                "classmap": [
                    "./"
                ],
                "exclude-from-classmap": [
                    "/example/",
                    "/manual/",
                    "/testcase/",
                    "/tests/",
                    "simple_html_dom.php"
                ]
            },
            "notification-url": "https://packagist.org/downloads/",
            "license": [
                "MIT"
            ],
            "authors": [
                {
                    "name": "S.C. Chen",
                    "role": "Developer"
                },
                {
                    "name": "John Schlick",
                    "role": "Developer"
                },
                {
                    "name": "logmanoriginal",
                    "role": "Developer"
                }
            ],
            "description": "A fast, simple and reliable HTML document parser for PHP.",
            "homepage": "https://simplehtmldom.sourceforge.io/",
            "keywords": [
                "Simple",
                "dom",
                "html",
                "parser",
                "php",
                "simplehtmldom"
            ],
            "support": {
                "issues": "https://sourceforge.net/p/simplehtmldom/bugs/",
                "rss": "https://sourceforge.net/p/simplehtmldom/news/feed.rss",
                "source": "https://sourceforge.net/p/simplehtmldom/repository/",
                "wiki": "https://simplehtmldom.sourceforge.io/docs/"
            },
            "time": "2019-11-09T15:42:50+00:00"
        },
        {
            "name": "soundasleep/jsonrpcclient",
            "version": "0.1.1",
            "source": {
                "type": "git",
                "url": "https://github.com/soundasleep/jsonrpcclient.git",
                "reference": "162d06da138592ad2c0d3ef9e483e033be648726"
            },
            "dist": {
                "type": "zip",
                "url": "https://api.github.com/repos/soundasleep/jsonrpcclient/zipball/162d06da138592ad2c0d3ef9e483e033be648726",
                "reference": "162d06da138592ad2c0d3ef9e483e033be648726",
                "shasum": ""
            },
            "require": {
                "php": ">=5.3.2"
            },
            "type": "library",
            "notification-url": "https://packagist.org/downloads/",
            "license": [
                "GPLv2"
            ],
            "authors": [
                {
                    "name": "Jevon Wright",
                    "homepage": "http://jevon.org",
                    "role": "Packager"
                },
                {
                    "name": "Sergio Vaccaro",
                    "homepage": "http://jsonrpcphp.org/"
                }
            ],
            "description": "A simple PHP implementation of a JSON-RPC client and server",
            "homepage": "https://github.com/soundasleep/jsonrpcclient",
            "keywords": [
                "json-rpc",
                "php",
                "rpc"
            ],
            "support": {
                "email": "info@jsonrpcphp.org",
                "issues": "https://github.com/soundasleep/jsonrpcclient/issues",
                "source": "http://jsonrpcphp.org/"
            },
            "time": "2014-05-11T23:17:17+00:00"
        }
    ],
    "packages-dev": [],
    "aliases": [],
    "minimum-stability": "stable",
    "stability-flags": {
        "simplehtmldom/simplehtmldom": 5
    },
    "prefer-stable": false,
    "prefer-lowest": false,
    "platform": {},
    "platform-dev": {},
    "plugin-api-version": "2.6.0"
}
